{
  "name": "node",
  "version": "1.0.0",
  "lockfileVersion": 3,
  "requires": true,
  "packages": {
    "": {
      "name": "node",
      "version": "1.0.0",
      "license": "ISC",
      "dependencies": {
        "fs": "^0.0.1-security",
        "generate-password": "^1.7.1",
        "js-generate-password": "^1.0.0",
        "nodemailer": "^6.9.7"
      }
    },
    "node_modules/fs": {
      "version": "0.0.1-security",
      "resolved": "https://registry.npmjs.org/fs/-/fs-0.0.1-security.tgz",
      "integrity": "sha512-3XY9e1pP0CVEUCdj5BmfIZxRBTSDycnbqhIOGec9QYtmVH2fbLpj86CFWkrNOkt/Fvty4KZG5lTglL9j/gJ87w=="
    },
    "node_modules/generate-password": {
      "version": "1.7.1",
      "resolved": "https://registry.npmjs.org/generate-password/-/generate-password-1.7.1.tgz",
      "integrity": "sha512-9bVYY+16m7W7GczRBDqXE+VVuCX+bWNrfYKC/2p2JkZukFb2sKxT6E3zZ3mJGz7GMe5iRK0A/WawSL3jQfJuNQ=="
    },
    "node_modules/js-generate-password": {
      "version": "1.0.0",
      "resolved": "https://registry.npmjs.org/js-generate-password/-/js-generate-password-1.0.0.tgz",
      "integrity": "sha512-CHeBLSaph7lwGDvovQXvV66/u3dWTM2hIOWMrnSJ1i/2J1Pm76EyUlV6W7KLwKZSMgQi4U5hcTkbbyLm+XwtXQ==",
      "bin": {
        "js-generate-password": "dist/index.js"
      }
    },
    "node_modules/nodemailer": {
      "version": "6.9.7",
      "resolved": "https://registry.npmjs.org/nodemailer/-/nodemailer-6.9.7.tgz",
      "integrity": "sha512-rUtR77ksqex/eZRLmQ21LKVH5nAAsVicAtAYudK7JgwenEDZ0UIQ1adUGqErz7sMkWYxWTTU1aeP2Jga6WQyJw==",
      "engines": {
        "node": ">=6.0.0"
      }
    }
  }
}
